{
  "requires": true,
  "lockfileVersion": 1,
  "dependencies": {
    "react-confetti": {
      "version": "6.0.0",
      "resolved": "https://registry.npmjs.org/react-confetti/-/react-confetti-6.0.0.tgz",
      "integrity": "sha512-gPuMIiJcpRFtyv3LvWKOvXxwbm1X9fyWT3wQsIMmmM7UhW3u84Te/xqfee4c0gicQXli8zCfIDkOlZyrHBk7pw==",
      "requires": {
        "tween-functions": "^1.2.0"
      }
    },
    "tween-functions": {
      "version": "1.2.0",
      "resolved": "https://registry.npmjs.org/tween-functions/-/tween-functions-1.2.0.tgz",
      "integrity": "sha1-GuOlDnxguz3vd06scHrLynO7w/8="
    }
  }
}
